
Microsoft Visual Studio Solution File, Format Version 12.00
# Visual Studio Version 17
VisualStudioVersion = 17.3.32929.385
MinimumVisualStudioVersion = 10.0.40219.1
Project("{FAE04EC0-301F-11D3-BF4B-00C04F79EFBC}") = "CommentProject", "CommentProject\CommentProject.csproj", "{0E788841-B1BD-4CCC-8AD9-ABEAA1D04882}"
EndProject
Project("{FAE04EC0-301F-11D3-BF4B-00C04F79EFBC}") = "CommentProject.EntityLayer", "CommentProject.EntityLayer\CommentProject.EntityLayer.csproj", "{37F0AA29-D936-438A-A739-E773E5D1993F}"
EndProject
Project("{FAE04EC0-301F-11D3-BF4B-00C04F79EFBC}") = "CommentProjectDataAccessLayer", "CommentProjectDataAccessLayer\CommentProjectDataAccessLayer.csproj", "{19D6C20C-363C-4DCB-9F60-AF827F318AFD}"
EndProject
Global
	GlobalSection(SolutionConfigurationPlatforms) = preSolution
		Debug|Any CPU = Debug|Any CPU
		Release|Any CPU = Release|Any CPU
	EndGlobalSection
	GlobalSection(ProjectConfigurationPlatforms) = postSolution
		{0E788841-B1BD-4CCC-8AD9-ABEAA1D04882}.Debug|Any CPU.ActiveCfg = Debug|Any CPU
		{0E788841-B1BD-4CCC-8AD9-ABEAA1D04882}.Debug|Any CPU.Build.0 = Debug|Any CPU
		{0E788841-B1BD-4CCC-8AD9-ABEAA1D04882}.Release|Any CPU.ActiveCfg = Release|Any CPU
		{0E788841-B1BD-4CCC-8AD9-ABEAA1D04882}.Release|Any CPU.Build.0 = Release|Any CPU
		{37F0AA29-D936-438A-A739-E773E5D1993F}.Debug|Any CPU.ActiveCfg = Debug|Any CPU
		{37F0AA29-D936-438A-A739-E773E5D1993F}.Debug|Any CPU.Build.0 = Debug|Any CPU
		{37F0AA29-D936-438A-A739-E773E5D1993F}.Release|Any CPU.ActiveCfg = Release|Any CPU
		{37F0AA29-D936-438A-A739-E773E5D1993F}.Release|Any CPU.Build.0 = Release|Any CPU
		{19D6C20C-363C-4DCB-9F60-AF827F318AFD}.Debug|Any CPU.ActiveCfg = Debug|Any CPU
		{19D6C20C-363C-4DCB-9F60-AF827F318AFD}.Debug|Any CPU.Build.0 = Debug|Any CPU
		{19D6C20C-363C-4DCB-9F60-AF827F318AFD}.Release|Any CPU.ActiveCfg = Release|Any CPU
		{19D6C20C-363C-4DCB-9F60-AF827F318AFD}.Release|Any CPU.Build.0 = Release|Any CPU
	EndGlobalSection
	GlobalSection(SolutionProperties) = preSolution
		HideSolutionNode = FALSE
	EndGlobalSection
	GlobalSection(ExtensibilityGlobals) = postSolution
		SolutionGuid = {1358A084-DABF-48FB-A859-5A5BFA906077}
	EndGlobalSection
EndGlobal
